
Microsoft Visual Studio Solution File, Format Version 12.00
# Visual Studio Version 17
VisualStudioVersion = 17.2.32630.192
MinimumVisualStudioVersion = 10.0.40219.1
Project("{FAE04EC0-301F-11D3-BF4B-00C04F79EFBC}") = "Practica 1", "Practica 1\Practica 1.csproj", "{D3C68F72-7FEA-4482-94C6-EACF4A0DC879}"
EndProject
Global
	GlobalSection(SolutionConfigurationPlatforms) = preSolution
		Debug|Any CPU = Debug|Any CPU
		Release|Any CPU = Release|Any CPU
	EndGlobalSection
	GlobalSection(ProjectConfigurationPlatforms) = postSolution
		{D3C68F72-7FEA-4482-94C6-EACF4A0DC879}.Debug|Any CPU.ActiveCfg = Debug|Any CPU
		{D3C68F72-7FEA-4482-94C6-EACF4A0DC879}.Debug|Any CPU.Build.0 = Debug|Any CPU
		{D3C68F72-7FEA-4482-94C6-EACF4A0DC879}.Release|Any CPU.ActiveCfg = Release|Any CPU
		{D3C68F72-7FEA-4482-94C6-EACF4A0DC879}.Release|Any CPU.Build.0 = Release|Any CPU
	EndGlobalSection
	GlobalSection(SolutionProperties) = preSolution
		HideSolutionNode = FALSE
	EndGlobalSection
	GlobalSection(ExtensibilityGlobals) = postSolution
		SolutionGuid = {E6596A93-1761-48B6-91D1-06BE9FEBCF79}
	EndGlobalSection
EndGlobal
